
Microsoft Visual Studio Solution File, Format Version 12.00
# Visual Studio Version 17
VisualStudioVersion = 17.6.33829.357
MinimumVisualStudioVersion = 10.0.40219.1
Project("{9A19103F-16F7-4668-BE54-9A1E7A4F7556}") = "Order.API", "Order.API\Order.API.csproj", "{F8A0DBF3-47BB-47B8-AB45-F8A3D079A211}"
EndProject
Project("{9A19103F-16F7-4668-BE54-9A1E7A4F7556}") = "Shared", "Shared\Shared.csproj", "{9AF364E0-67E2-4897-92B9-5508E1A82507}"
EndProject
Project("{9A19103F-16F7-4668-BE54-9A1E7A4F7556}") = "Stock.API", "Stock.API\Stock.API.csproj", "{724DF919-0CF1-4AD5-A6F3-24469A5F052B}"
EndProject
Project("{FAE04EC0-301F-11D3-BF4B-00C04F79EFBC}") = "Payment.API", "Payment.API\Payment.API.csproj", "{96B50D78-D885-453F-898C-667E8FB41B54}"
EndProject
Global
	GlobalSection(SolutionConfigurationPlatforms) = preSolution
		Debug|Any CPU = Debug|Any CPU
		Release|Any CPU = Release|Any CPU
	EndGlobalSection
	GlobalSection(ProjectConfigurationPlatforms) = postSolution
		{F8A0DBF3-47BB-47B8-AB45-F8A3D079A211}.Debug|Any CPU.ActiveCfg = Debug|Any CPU
		{F8A0DBF3-47BB-47B8-AB45-F8A3D079A211}.Debug|Any CPU.Build.0 = Debug|Any CPU
		{F8A0DBF3-47BB-47B8-AB45-F8A3D079A211}.Release|Any CPU.ActiveCfg = Release|Any CPU
		{F8A0DBF3-47BB-47B8-AB45-F8A3D079A211}.Release|Any CPU.Build.0 = Release|Any CPU
		{9AF364E0-67E2-4897-92B9-5508E1A82507}.Debug|Any CPU.ActiveCfg = Debug|Any CPU
		{9AF364E0-67E2-4897-92B9-5508E1A82507}.Debug|Any CPU.Build.0 = Debug|Any CPU
		{9AF364E0-67E2-4897-92B9-5508E1A82507}.Release|Any CPU.ActiveCfg = Release|Any CPU
		{9AF364E0-67E2-4897-92B9-5508E1A82507}.Release|Any CPU.Build.0 = Release|Any CPU
		{724DF919-0CF1-4AD5-A6F3-24469A5F052B}.Debug|Any CPU.ActiveCfg = Debug|Any CPU
		{724DF919-0CF1-4AD5-A6F3-24469A5F052B}.Debug|Any CPU.Build.0 = Debug|Any CPU
		{724DF919-0CF1-4AD5-A6F3-24469A5F052B}.Release|Any CPU.ActiveCfg = Release|Any CPU
		{724DF919-0CF1-4AD5-A6F3-24469A5F052B}.Release|Any CPU.Build.0 = Release|Any CPU
		{96B50D78-D885-453F-898C-667E8FB41B54}.Debug|Any CPU.ActiveCfg = Debug|Any CPU
		{96B50D78-D885-453F-898C-667E8FB41B54}.Debug|Any CPU.Build.0 = Debug|Any CPU
		{96B50D78-D885-453F-898C-667E8FB41B54}.Release|Any CPU.ActiveCfg = Release|Any CPU
		{96B50D78-D885-453F-898C-667E8FB41B54}.Release|Any CPU.Build.0 = Release|Any CPU
	EndGlobalSection
	GlobalSection(SolutionProperties) = preSolution
		HideSolutionNode = FALSE
	EndGlobalSection
	GlobalSection(ExtensibilityGlobals) = postSolution
		SolutionGuid = {AED69F26-650A-48D5-BC13-D0E5CB6023EB}
	EndGlobalSection
EndGlobal
